{
  "name": "backend",
  "version": "1.0.0",
  "lockfileVersion": 3,
  "requires": true,
  "packages": {
    "": {
      "name": "backend",
      "version": "1.0.0",
      "license": "ISC",
      "dependencies": {
        "dotenv": "^16.4.4",
        "hono": "^4.0.4"
      }
    },
    "node_modules/dotenv": {
      "version": "16.4.4",
      "resolved": "https://registry.npmjs.org/dotenv/-/dotenv-16.4.4.tgz",
      "integrity": "sha512-XvPXc8XAQThSjAbY6cQ/9PcBXmFoWuw1sQ3b8HqUCR6ziGXjkTi//kB9SWa2UwqlgdAIuRqAa/9hVljzPehbYg==",
      "engines": {
        "node": ">=12"
      },
      "funding": {
        "url": "https://dotenvx.com"
      }
    },
    "node_modules/hono": {
      "version": "4.0.4",
      "resolved": "https://registry.npmjs.org/hono/-/hono-4.0.4.tgz",
      "integrity": "sha512-WIwMh3b9TrtcdGpJ9ljA74bK/njL6f9S0nH3eBIKVAudnuHDqyVi4k0P8etD9HVU3xu74a9KBg3xA6UlXGEIZg==",
      "engines": {
        "node": ">=16.0.0"
      }
    }
  }
}
